
Microsoft Visual Studio Solution File, Format Version 12.00
# Visual Studio Version 17
VisualStudioVersion = 17.11.35219.272
MinimumVisualStudioVersion = 10.0.40219.1
Project("{FAE04EC0-301F-11D3-BF4B-00C04F79EFBC}") = "LIsta5_AED.TADsLineares", "LIsta5_AED.TADsLineares\LIsta5_AED.TADsLineares.csproj", "{D25A1BBA-A501-4289-8A95-826CF21152FB}"
EndProject
Global
	GlobalSection(SolutionConfigurationPlatforms) = preSolution
		Debug|Any CPU = Debug|Any CPU
		Release|Any CPU = Release|Any CPU
	EndGlobalSection
	GlobalSection(ProjectConfigurationPlatforms) = postSolution
		{D25A1BBA-A501-4289-8A95-826CF21152FB}.Debug|Any CPU.ActiveCfg = Debug|Any CPU
		{D25A1BBA-A501-4289-8A95-826CF21152FB}.Debug|Any CPU.Build.0 = Debug|Any CPU
		{D25A1BBA-A501-4289-8A95-826CF21152FB}.Release|Any CPU.ActiveCfg = Release|Any CPU
		{D25A1BBA-A501-4289-8A95-826CF21152FB}.Release|Any CPU.Build.0 = Release|Any CPU
	EndGlobalSection
	GlobalSection(SolutionProperties) = preSolution
		HideSolutionNode = FALSE
	EndGlobalSection
	GlobalSection(ExtensibilityGlobals) = postSolution
		SolutionGuid = {661A0274-334D-4EE1-A873-691B9ABDAFD1}
	EndGlobalSection
EndGlobal
